// !$*UTF8*$!
{
	archiveVersion = 1;
	classes = {
	};
	objectVersion = 55;
	objects = {

/* Begin PBXBuildFile section */
		6A2A781E27CCB13F00AB2515 /* PopoverView.swift in Sources */ = {isa = PBXBuildFile; fileRef = 6A2A781D27CCB13F00AB2515 /* PopoverView.swift */; };
		6A2A782327CCB58E00AB2515 /* CoinType.swift in Sources */ = {isa = PBXBuildFile; fileRef = 6A2A782227CCB58E00AB2515 /* CoinType.swift */; };
		6A2A782527CCB88F00AB2515 /* Coin.swift in Sources */ = {isa = PBXBuildFile; fileRef = 6A2A782427CCB88F00AB2515 /* Coin.swift */; };
		6A2A782827CCB97D00AB2515 /* CoinCapAPI.swift in Sources */ = {isa = PBXBuildFile; fileRef = 6A2A782727CCB97D00AB2515 /* CoinCapAPI.swift */; };
		6A4FA5A727D7A85000043467 /* CoinViewModel.swift in Sources */ = {isa = PBXBuildFile; fileRef = 6A4FA5A627D7A85000043467 /* CoinViewModel.swift */; };
		6A4FA5A927D7B82700043467 /* PopoverViewModel.swift in Sources */ = {isa = PBXBuildFile; fileRef = 6A4FA5A827D7B82700043467 /* PopoverViewModel.swift */; };
		6A9CC85B27C7F75B00D4617B /* CryptoWatcherApp.swift in Sources */ = {isa = PBXBuildFile; fileRef = 6A9CC85A27C7F75B00D4617B /* CryptoWatcherApp.swift */; };
		6A9CC85F27C7F75C00D4617B /* Assets.xcassets in Resources */ = {isa = PBXBuildFile; fileRef = 6A9CC85E27C7F75C00D4617B /* Assets.xcassets */; };
		6A9CC86227C7F75C00D4617B /* Preview Assets.xcassets in Resources */ = {isa = PBXBuildFile; fileRef = 6A9CC86127C7F75C00D4617B /* Preview Assets.xcassets */; };
		6AAD456627CAA24100734594 /* AppDelegate.swift in Sources */ = {isa = PBXBuildFile; fileRef = 6AAD456527CAA24100734594 /* AppDelegate.swift */; };
		6AAD456A27CAA60F00734594 /* MenuBarView.swift in Sources */ = {isa = PBXBuildFile; fileRef = 6AAD456927CAA60F00734594 /* MenuBarView.swift */; };
/* End PBXBuildFile section */

/* Begin PBXFileReference section */
		6A2A781D27CCB13F00AB2515 /* PopoverView.swift */ = {isa = PBXFileReference; lastKnownFileType = sourcecode.swift; path = PopoverView.swift; sourceTree = "<group>"; };
		6A2A782227CCB58E00AB2515 /* CoinType.swift */ = {isa = PBXFileReference; lastKnownFileType = sourcecode.swift; path = CoinType.swift; sourceTree = "<group>"; };
		6A2A782427CCB88F00AB2515 /* Coin.swift */ = {isa = PBXFileReference; lastKnownFileType = sourcecode.swift; path = Coin.swift; sourceTree = "<group>"; };
		6A2A782727CCB97D00AB2515 /* CoinCapAPI.swift */ = {isa = PBXFileReference; lastKnownFileType = sourcecode.swift; path = CoinCapAPI.swift; sourceTree = "<group>"; };
		6A4FA5A627D7A85000043467 /* CoinViewModel.swift */ = {isa = PBXFileReference; lastKnownFileType = sourcecode.swift; path = CoinViewModel.swift; sourceTree = "<group>"; };
		6A4FA5A827D7B82700043467 /* PopoverViewModel.swift */ = {isa = PBXFileReference; lastKnownFileType = sourcecode.swift; path = PopoverViewModel.swift; sourceTree = "<group>"; };
		6A9CC85727C7F75B00D4617B /* CryptoWatcher.app */ = {isa = PBXFileReference; explicitFileType = wrapper.application; includeInIndex = 0; path = CryptoWatcher.app; sourceTree = BUILT_PRODUCTS_DIR; };
		6A9CC85A27C7F75B00D4617B /* CryptoWatcherApp.swift */ = {isa = PBXFileReference; lastKnownFileType = sourcecode.swift; path = CryptoWatcherApp.swift; sourceTree = "<group>"; };
		6A9CC85E27C7F75C00D4617B /* Assets.xcassets */ = {isa = PBXFileReference; lastKnownFileType = folder.assetcatalog; path = Assets.xcassets; sourceTree = "<group>"; };
		6A9CC86127C7F75C00D4617B /* Preview Assets.xcassets */ = {isa = PBXFileReference; lastKnownFileType = folder.assetcatalog; path = "Preview Assets.xcassets"; sourceTree = "<group>"; };
		6A9CC86327C7F75C00D4617B /* CryptoWatcher.entitlements */ = {isa = PBXFileReference; lastKnownFileType = text.plist.entitlements; path = CryptoWatcher.entitlements; sourceTree = "<group>"; };
		6AAD456427CAA17F00734594 /* Info.plist */ = {isa = PBXFileReference; lastKnownFileType = text.plist; path = Info.plist; sourceTree = "<group>"; };
		6AAD456527CAA24100734594 /* AppDelegate.swift */ = {isa = PBXFileReference; lastKnownFileType = sourcecode.swift; path = AppDelegate.swift; sourceTree = "<group>"; };
		6AAD456927CAA60F00734594 /* MenuBarView.swift */ = {isa = PBXFileReference; lastKnownFileType = sourcecode.swift; path = MenuBarView.swift; sourceTree = "<group>"; };
/* End PBXFileReference section */

/* Begin PBXFrameworksBuildPhase section */
		6A9CC85427C7F75B00D4617B /* Frameworks */ = {
			isa = PBXFrameworksBuildPhase;
			buildActionMask = 2147483647;
			files = (
			);
			runOnlyForDeploymentPostprocessing = 0;
		};
/* End PBXFrameworksBuildPhase section */

/* Begin PBXGroup section */
		6A2A781F27CCB51800AB2515 /* View */ = {
			isa = PBXGroup;
			children = (
				6AAD456927CAA60F00734594 /* MenuBarView.swift */,
				6A2A781D27CCB13F00AB2515 /* PopoverView.swift */,
			);
			path = View;
			sourceTree = "<group>";
		};
		6A2A782127CCB53B00AB2515 /* Model */ = {
			isa = PBXGroup;
			children = (
				6A2A782227CCB58E00AB2515 /* CoinType.swift */,
				6A2A782427CCB88F00AB2515 /* Coin.swift */,
			);
			path = Model;
			sourceTree = "<group>";
		};
		6A2A782627CCB96100AB2515 /* API */ = {
			isa = PBXGroup;
			children = (
				6A2A782727CCB97D00AB2515 /* CoinCapAPI.swift */,
			);
			path = API;
			sourceTree = "<group>";
		};
		6A4FA5A527D7A83800043467 /* ViewModel */ = {
			isa = PBXGroup;
			children = (
				6A4FA5A627D7A85000043467 /* CoinViewModel.swift */,
				6A4FA5A827D7B82700043467 /* PopoverViewModel.swift */,
			);
			path = ViewModel;
			sourceTree = "<group>";
		};
		6A9CC84E27C7F75A00D4617B = {
			isa = PBXGroup;
			children = (
				6A9CC85927C7F75B00D4617B /* CryptoWatcher */,
				6A9CC85827C7F75B00D4617B /* Products */,
			);
			sourceTree = "<group>";
		};
		6A9CC85827C7F75B00D4617B /* Products */ = {
			isa = PBXGroup;
			children = (
				6A9CC85727C7F75B00D4617B /* CryptoWatcher.app */,
			);
			name = Products;
			sourceTree = "<group>";
		};
		6A9CC85927C7F75B00D4617B /* CryptoWatcher */ = {
			isa = PBXGroup;
			children = (
				6A9CC85A27C7F75B00D4617B /* CryptoWatcherApp.swift */,
				6AAD456527CAA24100734594 /* AppDelegate.swift */,
				6A2A782627CCB96100AB2515 /* API */,
				6A4FA5A527D7A83800043467 /* ViewModel */,
				6A2A781F27CCB51800AB2515 /* View */,
				6A2A782127CCB53B00AB2515 /* Model */,
				6AAD456427CAA17F00734594 /* Info.plist */,
				6A9CC85E27C7F75C00D4617B /* Assets.xcassets */,
				6A9CC86327C7F75C00D4617B /* CryptoWatcher.entitlements */,
				6A9CC86027C7F75C00D4617B /* Preview Content */,
			);
			path = CryptoWatcher;
			sourceTree = "<group>";
		};
		6A9CC86027C7F75C00D4617B /* Preview Content */ = {
			isa = PBXGroup;
			children = (
				6A9CC86127C7F75C00D4617B /* Preview Assets.xcassets */,
			);
			path = "Preview Content";
			sourceTree = "<group>";
		};
/* End PBXGroup section */

/* Begin PBXNativeTarget section */
		6A9CC85627C7F75B00D4617B /* CryptoWatcher */ = {
			isa = PBXNativeTarget;
			buildConfigurationList = 6A9CC86627C7F75C00D4617B /* Build configuration list for PBXNativeTarget "CryptoWatcher" */;
			buildPhases = (
				6A9CC85327C7F75B00D4617B /* Sources */,
				6A9CC85427C7F75B00D4617B /* Frameworks */,
				6A9CC85527C7F75B00D4617B /* Resources */,
			);
			buildRules = (
			);
			dependencies = (
			);
			name = CryptoWatcher;
			productName = CryptoWatcher;
			productReference = 6A9CC85727C7F75B00D4617B /* CryptoWatcher.app */;
			productType = "com.apple.product-type.application";
		};
/* End PBXNativeTarget section */

/* Begin PBXProject section */
		6A9CC84F27C7F75A00D4617B /* Project object */ = {
			isa = PBXProject;
			attributes = {
				BuildIndependentTargetsInParallel = 1;
				LastSwiftUpdateCheck = 1330;
				LastUpgradeCheck = 1330;
				TargetAttributes = {
					6A9CC85627C7F75B00D4617B = {
						CreatedOnToolsVersion = 13.3;
					};
				};
			};
			buildConfigurationList = 6A9CC85227C7F75A00D4617B /* Build configuration list for PBXProject "CryptoWatcher" */;
			compatibilityVersion = "Xcode 13.0";
			developmentRegion = en;
			hasScannedForEncodings = 0;
			knownRegions = (
				en,
				Base,
			);
			mainGroup = 6A9CC84E27C7F75A00D4617B;
			productRefGroup = 6A9CC85827C7F75B00D4617B /* Products */;
			projectDirPath = "";
			projectRoot = "";
			targets = (
				6A9CC85627C7F75B00D4617B /* CryptoWatcher */,
			);
		};
/* End PBXProject section */

/* Begin PBXResourcesBuildPhase section */
		6A9CC85527C7F75B00D4617B /* Resources */ = {
			isa = PBXResourcesBuildPhase;
			buildActionMask = 2147483647;
			files = (
				6A9CC86227C7F75C00D4617B /* Preview Assets.xcassets in Resources */,
				6A9CC85F27C7F75C00D4617B /* Assets.xcassets in Resources */,
			);
			runOnlyForDeploymentPostprocessing = 0;
		};
/* End PBXResourcesBuildPhase section */

/* Begin PBXSourcesBuildPhase section */
		6A9CC85327C7F75B00D4617B /* Sources */ = {
			isa = PBXSourcesBuildPhase;
			buildActionMask = 2147483647;
			files = (
				6A2A782527CCB88F00AB2515 /* Coin.swift in Sources */,
				6AAD456627CAA24100734594 /* AppDelegate.swift in Sources */,
				6AAD456A27CAA60F00734594 /* MenuBarView.swift in Sources */,
				6A4FA5A727D7A85000043467 /* CoinViewModel.swift in Sources */,
				6A2A781E27CCB13F00AB2515 /* PopoverView.swift in Sources */,
				6A2A782327CCB58E00AB2515 /* CoinType.swift in Sources */,
				6A4FA5A927D7B82700043467 /* PopoverViewModel.swift in Sources */,
				6A9CC85B27C7F75B00D4617B /* CryptoWatcherApp.swift in Sources */,
				6A2A782827CCB97D00AB2515 /* CoinCapAPI.swift in Sources */,
			);
			runOnlyForDeploymentPostprocessing = 0;
		};
/* End PBXSourcesBuildPhase section */

/* Begin XCBuildConfiguration section */
		6A9CC86427C7F75C00D4617B /* Debug */ = {
			isa = XCBuildConfiguration;
			buildSettings = {
				ALWAYS_SEARCH_USER_PATHS = NO;
				CLANG_ANALYZER_NONNULL = YES;
				CLANG_ANALYZER_NUMBER_OBJECT_CONVERSION = YES_AGGRESSIVE;
				CLANG_CXX_LANGUAGE_STANDARD = "gnu++17";
				CLANG_ENABLE_MODULES = YES;
				CLANG_ENABLE_OBJC_ARC = YES;
				CLANG_ENABLE_OBJC_WEAK = YES;
				CLANG_WARN_BLOCK_CAPTURE_AUTORELEASING = YES;
				CLANG_WARN_BOOL_CONVERSION = YES;
				CLANG_WARN_COMMA = YES;
				CLANG_WARN_CONSTANT_CONVERSION = YES;
				CLANG_WARN_DEPRECATED_OBJC_IMPLEMENTATIONS = YES;
				CLANG_WARN_DIRECT_OBJC_ISA_USAGE = YES_ERROR;
				CLANG_WARN_DOCUMENTATION_COMMENTS = YES;
				CLANG_WARN_EMPTY_BODY = YES;
				CLANG_WARN_ENUM_CONVERSION = YES;
				CLANG_WARN_INFINITE_RECURSION = YES;
				CLANG_WARN_INT_CONVERSION = YES;
				CLANG_WARN_NON_LITERAL_NULL_CONVERSION = YES;
				CLANG_WARN_OBJC_IMPLICIT_RETAIN_SELF = YES;
				CLANG_WARN_OBJC_LITERAL_CONVERSION = YES;
				CLANG_WARN_OBJC_ROOT_CLASS = YES_ERROR;
				CLANG_WARN_QUOTED_INCLUDE_IN_FRAMEWORK_HEADER = YES;
				CLANG_WARN_RANGE_LOOP_ANALYSIS = YES;
				CLANG_WARN_STRICT_PROTOTYPES = YES;
				CLANG_WARN_SUSPICIOUS_MOVE = YES;
				CLANG_WARN_UNGUARDED_AVAILABILITY = YES_AGGRESSIVE;
				CLANG_WARN_UNREACHABLE_CODE = YES;
				CLANG_WARN__DUPLICATE_METHOD_MATCH = YES;
				COPY_PHASE_STRIP = NO;
				DEBUG_INFORMATION_FORMAT = dwarf;
				ENABLE_STRICT_OBJC_MSGSEND = YES;
				ENABLE_TESTABILITY = YES;
				GCC_C_LANGUAGE_STANDARD = gnu11;
				GCC_DYNAMIC_NO_PIC = NO;
				GCC_NO_COMMON_BLOCKS = YES;
				GCC_OPTIMIZATION_LEVEL = 0;
				GCC_PREPROCESSOR_DEFINITIONS = (
					"DEBUG=1",
					"$(inherited)",
				);
				GCC_WARN_64_TO_32_BIT_CONVERSION = YES;
				GCC_WARN_ABOUT_RETURN_TYPE = YES_ERROR;
				GCC_WARN_UNDECLARED_SELECTOR = YES;
				GCC_WARN_UNINITIALIZED_AUTOS = YES_AGGRESSIVE;
				GCC_WARN_UNUSED_FUNCTION = YES;
				GCC_WARN_UNUSED_VARIABLE = YES;
				MACOSX_DEPLOYMENT_TARGET = 12.2;
				MTL_ENABLE_DEBUG_INFO = INCLUDE_SOURCE;
				MTL_FAST_MATH = YES;
				ONLY_ACTIVE_ARCH = YES;
				SDKROOT = macosx;
				SWIFT_ACTIVE_COMPILATION_CONDITIONS = DEBUG;
				SWIFT_OPTIMIZATION_LEVEL = "-Onone";
			};
			name = Debug;
		};
		6A9CC86527C7F75C00D4617B /* Release */ = {
			isa = XCBuildConfiguration;
			buildSettings = {
				ALWAYS_SEARCH_USER_PATHS = NO;
				CLANG_ANALYZER_NONNULL = YES;
				CLANG_ANALYZER_NUMBER_OBJECT_CONVERSION = YES_AGGRESSIVE;
				CLANG_CXX_LANGUAGE_STANDARD = "gnu++17";
				CLANG_ENABLE_MODULES = YES;
				CLANG_ENABLE_OBJC_ARC = YES;
				CLANG_ENABLE_OBJC_WEAK = YES;
				CLANG_WARN_BLOCK_CAPTURE_AUTORELEASING = YES;
				CLANG_WARN_BOOL_CONVERSION = YES;
				CLANG_WARN_COMMA = YES;
				CLANG_WARN_CONSTANT_CONVERSION = YES;
				CLANG_WARN_DEPRECATED_OBJC_IMPLEMENTATIONS = YES;
				CLANG_WARN_DIRECT_OBJC_ISA_USAGE = YES_ERROR;
				CLANG_WARN_DOCUMENTATION_COMMENTS = YES;
				CLANG_WARN_EMPTY_BODY = YES;
				CLANG_WARN_ENUM_CONVERSION = YES;
				CLANG_WARN_INFINITE_RECURSION = YES;
				CLANG_WARN_INT_CONVERSION = YES;
				CLANG_WARN_NON_LITERAL_NULL_CONVERSION = YES;
				CLANG_WARN_OBJC_IMPLICIT_RETAIN_SELF = YES;
				CLANG_WARN_OBJC_LITERAL_CONVERSION = YES;
				CLANG_WARN_OBJC_ROOT_CLASS = YES_ERROR;
				CLANG_WARN_QUOTED_INCLUDE_IN_FRAMEWORK_HEADER = YES;
				CLANG_WARN_RANGE_LOOP_ANALYSIS = YES;
				CLANG_WARN_STRICT_PROTOTYPES = YES;
				CLANG_WARN_SUSPICIOUS_MOVE = YES;
				CLANG_WARN_UNGUARDED_AVAILABILITY = YES_AGGRESSIVE;
				CLANG_WARN_UNREACHABLE_CODE = YES;
				CLANG_WARN__DUPLICATE_METHOD_MATCH = YES;
				COPY_PHASE_STRIP = NO;
				DEBUG_INFORMATION_FORMAT = "dwarf-with-dsym";
				ENABLE_NS_ASSERTIONS = NO;
				ENABLE_STRICT_OBJC_MSGSEND = YES;
				GCC_C_LANGUAGE_STANDARD = gnu11;
				GCC_NO_COMMON_BLOCKS = YES;
				GCC_WARN_64_TO_32_BIT_CONVERSION = YES;
				GCC_WARN_ABOUT_RETURN_TYPE = YES_ERROR;
				GCC_WARN_UNDECLARED_SELECTOR = YES;
				GCC_WARN_UNINITIALIZED_AUTOS = YES_AGGRESSIVE;
				GCC_WARN_UNUSED_FUNCTION = YES;
				GCC_WARN_UNUSED_VARIABLE = YES;
				MACOSX_DEPLOYMENT_TARGET = 12.2;
				MTL_ENABLE_DEBUG_INFO = NO;
				MTL_FAST_MATH = YES;
				SDKROOT = macosx;
				SWIFT_COMPILATION_MODE = wholemodule;
				SWIFT_OPTIMIZATION_LEVEL = "-O";
			};
			name = Release;
		};
		6A9CC86727C7F75C00D4617B /* Debug */ = {
			isa = XCBuildConfiguration;
			buildSettings = {
				ASSETCATALOG_COMPILER_APPICON_NAME = AppIcon;
				ASSETCATALOG_COMPILER_GLOBAL_ACCENT_COLOR_NAME = AccentColor;
				CODE_SIGN_ENTITLEMENTS = CryptoWatcher/CryptoWatcher.entitlements;
				CODE_SIGN_STYLE = Automatic;
				COMBINE_HIDPI_IMAGES = YES;
				CURRENT_PROJECT_VERSION = 1;
				DEVELOPMENT_ASSET_PATHS = "\"CryptoWatcher/Preview Content\"";
				DEVELOPMENT_TEAM = KH8B299556;
				ENABLE_HARDENED_RUNTIME = YES;
				ENABLE_PREVIEWS = YES;
				GENERATE_INFOPLIST_FILE = YES;
				INFOPLIST_FILE = CryptoWatcher/Info.plist;
				INFOPLIST_KEY_LSApplicationCategoryType = "public.app-category.finance";
				INFOPLIST_KEY_NSHumanReadableCopyright = "";
				LD_RUNPATH_SEARCH_PATHS = (
					"$(inherited)",
					"@executable_path/../Frameworks",
				);
				MARKETING_VERSION = 1.0;
				PRODUCT_BUNDLE_IDENTIFIER = com.arnavsinghal.CryptoWatcher;
				PRODUCT_NAME = "$(TARGET_NAME)";
				SWIFT_EMIT_LOC_STRINGS = YES;
				SWIFT_VERSION = 5.0;
			};
			name = Debug;
		};
		6A9CC86827C7F75C00D4617B /* Release */ = {
			isa = XCBuildConfiguration;
			buildSettings = {
				ASSETCATALOG_COMPILER_APPICON_NAME = AppIcon;
				ASSETCATALOG_COMPILER_GLOBAL_ACCENT_COLOR_NAME = AccentColor;
				CODE_SIGN_ENTITLEMENTS = CryptoWatcher/CryptoWatcher.entitlements;
				CODE_SIGN_STYLE = Automatic;
				COMBINE_HIDPI_IMAGES = YES;
				CURRENT_PROJECT_VERSION = 1;
				DEVELOPMENT_ASSET_PATHS = "\"CryptoWatcher/Preview Content\"";
				DEVELOPMENT_TEAM = KH8B299556;
				ENABLE_HARDENED_RUNTIME = YES;
				ENABLE_PREVIEWS = YES;
				GENERATE_INFOPLIST_FILE = YES;
				INFOPLIST_FILE = CryptoWatcher/Info.plist;
				INFOPLIST_KEY_LSApplicationCategoryType = "public.app-category.finance";
				INFOPLIST_KEY_NSHumanReadableCopyright = "";
				LD_RUNPATH_SEARCH_PATHS = (
					"$(inherited)",
					"@executable_path/../Frameworks",
				);
				MARKETING_VERSION = 1.0;
				PRODUCT_BUNDLE_IDENTIFIER = com.arnavsinghal.CryptoWatcher;
				PRODUCT_NAME = "$(TARGET_NAME)";
				SWIFT_EMIT_LOC_STRINGS = YES;
				SWIFT_VERSION = 5.0;
			};
			name = Release;
		};
/* End XCBuildConfiguration section */

/* Begin XCConfigurationList section */
		6A9CC85227C7F75A00D4617B /* Build configuration list for PBXProject "CryptoWatcher" */ = {
			isa = XCConfigurationList;
			buildConfigurations = (
				6A9CC86427C7F75C00D4617B /* Debug */,
				6A9CC86527C7F75C00D4617B /* Release */,
			);
			defaultConfigurationIsVisible = 0;
			defaultConfigurationName = Release;
		};
		6A9CC86627C7F75C00D4617B /* Build configuration list for PBXNativeTarget "CryptoWatcher" */ = {
			isa = XCConfigurationList;
			buildConfigurations = (
				6A9CC86727C7F75C00D4617B /* Debug */,
				6A9CC86827C7F75C00D4617B /* Release */,
			);
			defaultConfigurationIsVisible = 0;
			defaultConfigurationName = Release;
		};
/* End XCConfigurationList section */
	};
	rootObject = 6A9CC84F27C7F75A00D4617B /* Project object */;
}
